
Microsoft Visual Studio Solution File, Format Version 12.00
# Visual Studio Version 17
VisualStudioVersion = 17.2.32630.192
MinimumVisualStudioVersion = 10.0.40219.1
Project("{FAE04EC0-301F-11D3-BF4B-00C04F79EFBC}") = "Sovtech-SWAP-CHUCK", "Sovtech-SWAP-CHUCK\Sovtech-SWAP-CHUCK.csproj", "{2179447B-6CB5-4BC6-A970-C5727ACA7D80}"
EndProject
Global
	GlobalSection(SolutionConfigurationPlatforms) = preSolution
		Debug|Any CPU = Debug|Any CPU
		Release|Any CPU = Release|Any CPU
	EndGlobalSection
	GlobalSection(ProjectConfigurationPlatforms) = postSolution
		{2179447B-6CB5-4BC6-A970-C5727ACA7D80}.Debug|Any CPU.ActiveCfg = Debug|Any CPU
		{2179447B-6CB5-4BC6-A970-C5727ACA7D80}.Debug|Any CPU.Build.0 = Debug|Any CPU
		{2179447B-6CB5-4BC6-A970-C5727ACA7D80}.Release|Any CPU.ActiveCfg = Release|Any CPU
		{2179447B-6CB5-4BC6-A970-C5727ACA7D80}.Release|Any CPU.Build.0 = Release|Any CPU
	EndGlobalSection
	GlobalSection(SolutionProperties) = preSolution
		HideSolutionNode = FALSE
	EndGlobalSection
	GlobalSection(ExtensibilityGlobals) = postSolution
		SolutionGuid = {5314ED17-F5B8-4EA0-804E-92DD8FA35C9D}
	EndGlobalSection
EndGlobal
